
Microsoft Visual Studio Solution File, Format Version 12.00
# Visual Studio 2013
VisualStudioVersion = 12.0.30501.0
MinimumVisualStudioVersion = 10.0.40219.1
Project("{FAE04EC0-301F-11D3-BF4B-00C04F79EFBC}") = "APlayTest.Server", "APlayTest.Server\APlayTest.Server.csproj", "{8398CB5B-DDF5-4627-822D-21F4D4D85EB2}"
EndProject
Project("{FAE04EC0-301F-11D3-BF4B-00C04F79EFBC}") = "APlayTest.Client", "APlayTest.Client\APlayTest.Client.csproj", "{D2B47293-0448-467B-AA20-63F8AF6C9B13}"
EndProject
Project("{FAE04EC0-301F-11D3-BF4B-00C04F79EFBC}") = "APlayTest.Server.Console", "APlayTest.Server.Console\APlayTest.Server.Console.csproj", "{76B270A8-A6FC-4E42-9C8B-9A5DB1E44BE4}"
EndProject
Project("{FAE04EC0-301F-11D3-BF4B-00C04F79EFBC}") = "APlayTest.Services", "APlayTest.Services\APlayTest.Services.csproj", "{CAFE7692-24AB-4E1B-98C2-1F2E2C985C46}"
EndProject
Project("{2150E333-8FDC-42A3-9474-1A3956D46DE8}") = ".nuget", ".nuget", "{FD268E08-9666-4084-892E-463D18A84DB8}"
	ProjectSection(SolutionItems) = preProject
		.nuget\NuGet.Config = .nuget\NuGet.Config
		.nuget\NuGet.exe = .nuget\NuGet.exe
		.nuget\NuGet.targets = .nuget\NuGet.targets
	EndProjectSection
EndProject
Project("{2150E333-8FDC-42A3-9474-1A3956D46DE8}") = "WpfClient", "WpfClient", "{DC10A724-9002-485C-BAF8-9AC5F75065DE}"
EndProject
Project("{FAE04EC0-301F-11D3-BF4B-00C04F79EFBC}") = "APlayTest.Client.Gemini", "APlayTest.Client.Gemini\APlayTest.Client.Gemini.csproj", "{E82CD289-1D65-42A5-9410-82477873B9E7}"
EndProject
Project("{FAE04EC0-301F-11D3-BF4B-00C04F79EFBC}") = "APlayTest.Client.Modules.SheetTree", "APlayTest.Client.Modules.SheetTree\APlayTest.Client.Modules.SheetTree.csproj", "{AA6D9942-571F-42B7-9D63-FD0446B2D458}"
EndProject
Global
	GlobalSection(SolutionConfigurationPlatforms) = preSolution
		Debug|Any CPU = Debug|Any CPU
		Release|Any CPU = Release|Any CPU
	EndGlobalSection
	GlobalSection(ProjectConfigurationPlatforms) = postSolution
		{8398CB5B-DDF5-4627-822D-21F4D4D85EB2}.Debug|Any CPU.ActiveCfg = Debug|Any CPU
		{8398CB5B-DDF5-4627-822D-21F4D4D85EB2}.Debug|Any CPU.Build.0 = Debug|Any CPU
		{8398CB5B-DDF5-4627-822D-21F4D4D85EB2}.Release|Any CPU.ActiveCfg = Release|Any CPU
		{8398CB5B-DDF5-4627-822D-21F4D4D85EB2}.Release|Any CPU.Build.0 = Release|Any CPU
		{D2B47293-0448-467B-AA20-63F8AF6C9B13}.Debug|Any CPU.ActiveCfg = Debug|Any CPU
		{D2B47293-0448-467B-AA20-63F8AF6C9B13}.Debug|Any CPU.Build.0 = Debug|Any CPU
		{D2B47293-0448-467B-AA20-63F8AF6C9B13}.Release|Any CPU.ActiveCfg = Release|Any CPU
		{D2B47293-0448-467B-AA20-63F8AF6C9B13}.Release|Any CPU.Build.0 = Release|Any CPU
		{76B270A8-A6FC-4E42-9C8B-9A5DB1E44BE4}.Debug|Any CPU.ActiveCfg = Debug|Any CPU
		{76B270A8-A6FC-4E42-9C8B-9A5DB1E44BE4}.Debug|Any CPU.Build.0 = Debug|Any CPU
		{76B270A8-A6FC-4E42-9C8B-9A5DB1E44BE4}.Release|Any CPU.ActiveCfg = Release|Any CPU
		{76B270A8-A6FC-4E42-9C8B-9A5DB1E44BE4}.Release|Any CPU.Build.0 = Release|Any CPU
		{CAFE7692-24AB-4E1B-98C2-1F2E2C985C46}.Debug|Any CPU.ActiveCfg = Debug|Any CPU
		{CAFE7692-24AB-4E1B-98C2-1F2E2C985C46}.Debug|Any CPU.Build.0 = Debug|Any CPU
		{CAFE7692-24AB-4E1B-98C2-1F2E2C985C46}.Release|Any CPU.ActiveCfg = Release|Any CPU
		{CAFE7692-24AB-4E1B-98C2-1F2E2C985C46}.Release|Any CPU.Build.0 = Release|Any CPU
		{E82CD289-1D65-42A5-9410-82477873B9E7}.Debug|Any CPU.ActiveCfg = Debug|Any CPU
		{E82CD289-1D65-42A5-9410-82477873B9E7}.Debug|Any CPU.Build.0 = Debug|Any CPU
		{E82CD289-1D65-42A5-9410-82477873B9E7}.Release|Any CPU.ActiveCfg = Release|Any CPU
		{E82CD289-1D65-42A5-9410-82477873B9E7}.Release|Any CPU.Build.0 = Release|Any CPU
		{AA6D9942-571F-42B7-9D63-FD0446B2D458}.Debug|Any CPU.ActiveCfg = Debug|Any CPU
		{AA6D9942-571F-42B7-9D63-FD0446B2D458}.Debug|Any CPU.Build.0 = Debug|Any CPU
		{AA6D9942-571F-42B7-9D63-FD0446B2D458}.Release|Any CPU.ActiveCfg = Release|Any CPU
		{AA6D9942-571F-42B7-9D63-FD0446B2D458}.Release|Any CPU.Build.0 = Release|Any CPU
	EndGlobalSection
	GlobalSection(SolutionProperties) = preSolution
		HideSolutionNode = FALSE
	EndGlobalSection
	GlobalSection(NestedProjects) = preSolution
		{E82CD289-1D65-42A5-9410-82477873B9E7} = {DC10A724-9002-485C-BAF8-9AC5F75065DE}
		{AA6D9942-571F-42B7-9D63-FD0446B2D458} = {DC10A724-9002-485C-BAF8-9AC5F75065DE}
	EndGlobalSection
EndGlobal
