
Microsoft Visual Studio Solution File, Format Version 12.00
# Visual Studio 2013
VisualStudioVersion = 12.0.30501.0
MinimumVisualStudioVersion = 10.0.40219.1
Project("{FAE04EC0-301F-11D3-BF4B-00C04F79EFBC}") = "APlayTest.Server", "APlayTest.Server\APlayTest.Server.csproj", "{8398CB5B-DDF5-4627-822D-21F4D4D85EB2}"
EndProject
Project("{FAE04EC0-301F-11D3-BF4B-00C04F79EFBC}") = "APlayTest.Client", "APlayTest.Client\APlayTest.Client.csproj", "{D2B47293-0448-467B-AA20-63F8AF6C9B13}"
EndProject
Project("{FAE04EC0-301F-11D3-BF4B-00C04F79EFBC}") = "APlayTest.Server.Console", "APlayTest.Server.Console\APlayTest.Server.Console.csproj", "{76B270A8-A6FC-4E42-9C8B-9A5DB1E44BE4}"
EndProject
Project("{FAE04EC0-301F-11D3-BF4B-00C04F79EFBC}") = "APlayTest.Services", "APlayTest.Services\APlayTest.Services.csproj", "{CAFE7692-24AB-4E1B-98C2-1F2E2C985C46}"
EndProject
Project("{2150E333-8FDC-42A3-9474-1A3956D46DE8}") = ".nuget", ".nuget", "{FD268E08-9666-4084-892E-463D18A84DB8}"
	ProjectSection(SolutionItems) = preProject
		.nuget\NuGet.Config = .nuget\NuGet.Config
		.nuget\NuGet.exe = .nuget\NuGet.exe
		.nuget\NuGet.targets = .nuget\NuGet.targets
	EndProjectSection
EndProject
Project("{2150E333-8FDC-42A3-9474-1A3956D46DE8}") = "WpfClient", "WpfClient", "{DC10A724-9002-485C-BAF8-9AC5F75065DE}"
EndProject
Project("{FAE04EC0-301F-11D3-BF4B-00C04F79EFBC}") = "APlayTest.Client.Gemini", "APlayTest.Client.Gemini\APlayTest.Client.Gemini.csproj", "{E82CD289-1D65-42A5-9410-82477873B9E7}"
EndProject
Project("{FAE04EC0-301F-11D3-BF4B-00C04F79EFBC}") = "APlayTest.Client.Modules.SheetTree", "APlayTest.Client.Modules.SheetTree\APlayTest.Client.Modules.SheetTree.csproj", "{AA6D9942-571F-42B7-9D63-FD0446B2D458}"
EndProject
Project("{FAE04EC0-301F-11D3-BF4B-00C04F79EFBC}") = "APlayTest.Client.Contracts", "APlayTest.Client.Contracts\APlayTest.Client.Contracts.csproj", "{10354DA0-686D-47C3-864D-E57F17182654}"
EndProject
Project("{FAE04EC0-301F-11D3-BF4B-00C04F79EFBC}") = "sbardos.UndoFramework", "sbardos.UndoFramework\sbardos.UndoFramework.csproj", "{168D777A-BAA6-4694-810C-B028A811318D}"
EndProject
Project("{FAE04EC0-301F-11D3-BF4B-00C04F79EFBC}") = "Gemini", "Gemini.Core\Gemini.csproj", "{13DBFC87-C152-4A86-94B0-D9944BEEF647}"
EndProject
Project("{FAE04EC0-301F-11D3-BF4B-00C04F79EFBC}") = "UndoTest.Wpf", "UndoTest.Wpf\UndoTest.Wpf.csproj", "{D234C4E4-25CB-4A91-9A9A-1BBD130875C0}"
EndProject
Project("{FAE04EC0-301F-11D3-BF4B-00C04F79EFBC}") = "UndoTest.Server", "UndoTest.Server\UndoTest.Server.csproj", "{6A10D51F-1497-49D2-8553-48F990888827}"
EndProject
Project("{2150E333-8FDC-42A3-9474-1A3956D46DE8}") = "UndoTest", "UndoTest", "{132A61DF-101C-42E8-AE8C-A7E4F6FD2A72}"
EndProject
Project("{FAE04EC0-301F-11D3-BF4B-00C04F79EFBC}") = "sbardos.UndoFramework.Tests", "sbardos.UndoFramework.Tests\sbardos.UndoFramework.Tests.csproj", "{D9D41A18-3B9F-49E6-9171-F2660C0484F8}"
EndProject
Project("{FAE04EC0-301F-11D3-BF4B-00C04F79EFBC}") = "APlayTest.Client.Modules.Inspector", "APlayTest.Client.Modules.Inspector\APlayTest.Client.Modules.Inspector.csproj", "{0F8463BD-C1B0-4F2B-855D-49B6963B3337}"
EndProject
Project("{FAE04EC0-301F-11D3-BF4B-00C04F79EFBC}") = "APlayTest.Client.Modules.GraphEditor", "APlayTest.Client.Modules.GraphEditor\APlayTest.Client.Modules.GraphEditor.csproj", "{F8204886-1F61-4247-B7B2-EA5E518162F3}"
EndProject
Global
	GlobalSection(SolutionConfigurationPlatforms) = preSolution
		Debug|Any CPU = Debug|Any CPU
		Release|Any CPU = Release|Any CPU
	EndGlobalSection
	GlobalSection(ProjectConfigurationPlatforms) = postSolution
		{8398CB5B-DDF5-4627-822D-21F4D4D85EB2}.Debug|Any CPU.ActiveCfg = Debug|Any CPU
		{8398CB5B-DDF5-4627-822D-21F4D4D85EB2}.Debug|Any CPU.Build.0 = Debug|Any CPU
		{8398CB5B-DDF5-4627-822D-21F4D4D85EB2}.Release|Any CPU.ActiveCfg = Release|Any CPU
		{8398CB5B-DDF5-4627-822D-21F4D4D85EB2}.Release|Any CPU.Build.0 = Release|Any CPU
		{D2B47293-0448-467B-AA20-63F8AF6C9B13}.Debug|Any CPU.ActiveCfg = Debug|Any CPU
		{D2B47293-0448-467B-AA20-63F8AF6C9B13}.Debug|Any CPU.Build.0 = Debug|Any CPU
		{D2B47293-0448-467B-AA20-63F8AF6C9B13}.Release|Any CPU.ActiveCfg = Release|Any CPU
		{D2B47293-0448-467B-AA20-63F8AF6C9B13}.Release|Any CPU.Build.0 = Release|Any CPU
		{76B270A8-A6FC-4E42-9C8B-9A5DB1E44BE4}.Debug|Any CPU.ActiveCfg = Debug|Any CPU
		{76B270A8-A6FC-4E42-9C8B-9A5DB1E44BE4}.Debug|Any CPU.Build.0 = Debug|Any CPU
		{76B270A8-A6FC-4E42-9C8B-9A5DB1E44BE4}.Release|Any CPU.ActiveCfg = Release|Any CPU
		{76B270A8-A6FC-4E42-9C8B-9A5DB1E44BE4}.Release|Any CPU.Build.0 = Release|Any CPU
		{CAFE7692-24AB-4E1B-98C2-1F2E2C985C46}.Debug|Any CPU.ActiveCfg = Debug|Any CPU
		{CAFE7692-24AB-4E1B-98C2-1F2E2C985C46}.Debug|Any CPU.Build.0 = Debug|Any CPU
		{CAFE7692-24AB-4E1B-98C2-1F2E2C985C46}.Release|Any CPU.ActiveCfg = Release|Any CPU
		{CAFE7692-24AB-4E1B-98C2-1F2E2C985C46}.Release|Any CPU.Build.0 = Release|Any CPU
		{E82CD289-1D65-42A5-9410-82477873B9E7}.Debug|Any CPU.ActiveCfg = Debug|Any CPU
		{E82CD289-1D65-42A5-9410-82477873B9E7}.Debug|Any CPU.Build.0 = Debug|Any CPU
		{E82CD289-1D65-42A5-9410-82477873B9E7}.Release|Any CPU.ActiveCfg = Release|Any CPU
		{E82CD289-1D65-42A5-9410-82477873B9E7}.Release|Any CPU.Build.0 = Release|Any CPU
		{AA6D9942-571F-42B7-9D63-FD0446B2D458}.Debug|Any CPU.ActiveCfg = Debug|Any CPU
		{AA6D9942-571F-42B7-9D63-FD0446B2D458}.Debug|Any CPU.Build.0 = Debug|Any CPU
		{AA6D9942-571F-42B7-9D63-FD0446B2D458}.Release|Any CPU.ActiveCfg = Release|Any CPU
		{AA6D9942-571F-42B7-9D63-FD0446B2D458}.Release|Any CPU.Build.0 = Release|Any CPU
		{10354DA0-686D-47C3-864D-E57F17182654}.Debug|Any CPU.ActiveCfg = Debug|Any CPU
		{10354DA0-686D-47C3-864D-E57F17182654}.Debug|Any CPU.Build.0 = Debug|Any CPU
		{10354DA0-686D-47C3-864D-E57F17182654}.Release|Any CPU.ActiveCfg = Release|Any CPU
		{10354DA0-686D-47C3-864D-E57F17182654}.Release|Any CPU.Build.0 = Release|Any CPU
		{168D777A-BAA6-4694-810C-B028A811318D}.Debug|Any CPU.ActiveCfg = Debug|Any CPU
		{168D777A-BAA6-4694-810C-B028A811318D}.Debug|Any CPU.Build.0 = Debug|Any CPU
		{168D777A-BAA6-4694-810C-B028A811318D}.Release|Any CPU.ActiveCfg = Release|Any CPU
		{168D777A-BAA6-4694-810C-B028A811318D}.Release|Any CPU.Build.0 = Release|Any CPU
		{13DBFC87-C152-4A86-94B0-D9944BEEF647}.Debug|Any CPU.ActiveCfg = Debug|Any CPU
		{13DBFC87-C152-4A86-94B0-D9944BEEF647}.Debug|Any CPU.Build.0 = Debug|Any CPU
		{13DBFC87-C152-4A86-94B0-D9944BEEF647}.Release|Any CPU.ActiveCfg = Release|Any CPU
		{13DBFC87-C152-4A86-94B0-D9944BEEF647}.Release|Any CPU.Build.0 = Release|Any CPU
		{D234C4E4-25CB-4A91-9A9A-1BBD130875C0}.Debug|Any CPU.ActiveCfg = Debug|Any CPU
		{D234C4E4-25CB-4A91-9A9A-1BBD130875C0}.Debug|Any CPU.Build.0 = Debug|Any CPU
		{D234C4E4-25CB-4A91-9A9A-1BBD130875C0}.Release|Any CPU.ActiveCfg = Release|Any CPU
		{D234C4E4-25CB-4A91-9A9A-1BBD130875C0}.Release|Any CPU.Build.0 = Release|Any CPU
		{6A10D51F-1497-49D2-8553-48F990888827}.Debug|Any CPU.ActiveCfg = Debug|Any CPU
		{6A10D51F-1497-49D2-8553-48F990888827}.Debug|Any CPU.Build.0 = Debug|Any CPU
		{6A10D51F-1497-49D2-8553-48F990888827}.Release|Any CPU.ActiveCfg = Release|Any CPU
		{6A10D51F-1497-49D2-8553-48F990888827}.Release|Any CPU.Build.0 = Release|Any CPU
		{D9D41A18-3B9F-49E6-9171-F2660C0484F8}.Debug|Any CPU.ActiveCfg = Debug|Any CPU
		{D9D41A18-3B9F-49E6-9171-F2660C0484F8}.Debug|Any CPU.Build.0 = Debug|Any CPU
		{D9D41A18-3B9F-49E6-9171-F2660C0484F8}.Release|Any CPU.ActiveCfg = Release|Any CPU
		{D9D41A18-3B9F-49E6-9171-F2660C0484F8}.Release|Any CPU.Build.0 = Release|Any CPU
		{0F8463BD-C1B0-4F2B-855D-49B6963B3337}.Debug|Any CPU.ActiveCfg = Debug|Any CPU
		{0F8463BD-C1B0-4F2B-855D-49B6963B3337}.Debug|Any CPU.Build.0 = Debug|Any CPU
		{0F8463BD-C1B0-4F2B-855D-49B6963B3337}.Release|Any CPU.ActiveCfg = Release|Any CPU
		{0F8463BD-C1B0-4F2B-855D-49B6963B3337}.Release|Any CPU.Build.0 = Release|Any CPU
		{F8204886-1F61-4247-B7B2-EA5E518162F3}.Debug|Any CPU.ActiveCfg = Debug|Any CPU
		{F8204886-1F61-4247-B7B2-EA5E518162F3}.Debug|Any CPU.Build.0 = Debug|Any CPU
		{F8204886-1F61-4247-B7B2-EA5E518162F3}.Release|Any CPU.ActiveCfg = Release|Any CPU
		{F8204886-1F61-4247-B7B2-EA5E518162F3}.Release|Any CPU.Build.0 = Release|Any CPU
	EndGlobalSection
	GlobalSection(SolutionProperties) = preSolution
		HideSolutionNode = FALSE
	EndGlobalSection
	GlobalSection(NestedProjects) = preSolution
		{E82CD289-1D65-42A5-9410-82477873B9E7} = {DC10A724-9002-485C-BAF8-9AC5F75065DE}
		{AA6D9942-571F-42B7-9D63-FD0446B2D458} = {DC10A724-9002-485C-BAF8-9AC5F75065DE}
		{10354DA0-686D-47C3-864D-E57F17182654} = {DC10A724-9002-485C-BAF8-9AC5F75065DE}
		{D234C4E4-25CB-4A91-9A9A-1BBD130875C0} = {132A61DF-101C-42E8-AE8C-A7E4F6FD2A72}
		{6A10D51F-1497-49D2-8553-48F990888827} = {132A61DF-101C-42E8-AE8C-A7E4F6FD2A72}
		{0F8463BD-C1B0-4F2B-855D-49B6963B3337} = {DC10A724-9002-485C-BAF8-9AC5F75065DE}
		{F8204886-1F61-4247-B7B2-EA5E518162F3} = {DC10A724-9002-485C-BAF8-9AC5F75065DE}
	EndGlobalSection
EndGlobal
